
Microsoft Visual Studio Solution File, Format Version 12.00
# Visual Studio Version 16
VisualStudioVersion = 16.0.28803.202
MinimumVisualStudioVersion = 10.0.40219.1
Project("{9A19103F-16F7-4668-BE54-9A1E7A4F7556}") = "ConstituentSearch", "ConstituentSearch\ConstituentSearch.csproj", "{E3016871-A76A-448D-ACE0-F60E02DAAC0F}"
EndProject
Project("{9A19103F-16F7-4668-BE54-9A1E7A4F7556}") = "AlsacWebApiCore", "AlsacWebApiCore\AlsacWebApiCore.csproj", "{58BB7F36-8194-44E7-8264-D54DB9433DA4}"
EndProject
Project("{2150E333-8FDC-42A3-9474-1A3956D46DE8}") = "Solution Items", "Solution Items", "{EFE85483-6F04-4BBA-80CB-6117AC9BABCF}"
	ProjectSection(SolutionItems) = preProject
		.editorconfig = .editorconfig
		default.ruleset = default.ruleset
	EndProjectSection
EndProject
Global
	GlobalSection(SolutionConfigurationPlatforms) = preSolution
		Debug|Any CPU = Debug|Any CPU
		Release|Any CPU = Release|Any CPU
	EndGlobalSection
	GlobalSection(ProjectConfigurationPlatforms) = postSolution
		{E3016871-A76A-448D-ACE0-F60E02DAAC0F}.Debug|Any CPU.ActiveCfg = Debug|Any CPU
		{E3016871-A76A-448D-ACE0-F60E02DAAC0F}.Debug|Any CPU.Build.0 = Debug|Any CPU
		{E3016871-A76A-448D-ACE0-F60E02DAAC0F}.Release|Any CPU.ActiveCfg = Release|Any CPU
		{E3016871-A76A-448D-ACE0-F60E02DAAC0F}.Release|Any CPU.Build.0 = Release|Any CPU
		{58BB7F36-8194-44E7-8264-D54DB9433DA4}.Debug|Any CPU.ActiveCfg = Debug|Any CPU
		{58BB7F36-8194-44E7-8264-D54DB9433DA4}.Debug|Any CPU.Build.0 = Debug|Any CPU
		{58BB7F36-8194-44E7-8264-D54DB9433DA4}.Release|Any CPU.ActiveCfg = Release|Any CPU
		{58BB7F36-8194-44E7-8264-D54DB9433DA4}.Release|Any CPU.Build.0 = Release|Any CPU
	EndGlobalSection
	GlobalSection(SolutionProperties) = preSolution
		HideSolutionNode = FALSE
	EndGlobalSection
	GlobalSection(ExtensibilityGlobals) = postSolution
		SolutionGuid = {BBD64847-7351-4257-BA18-C184C6B8CE2B}
	EndGlobalSection
EndGlobal
